
Microsoft Visual Studio Solution File, Format Version 12.00
# Visual Studio Version 17
VisualStudioVersion = 17.0.31912.275
MinimumVisualStudioVersion = 10.0.40219.1
Project("{FAE04EC0-301F-11D3-BF4B-00C04F79EFBC}") = "serviceRestart", "serviceRestart.csproj", "{E0C36A56-0122-4A3B-AFBC-AE6CFB5595BA}"
EndProject
Global
	GlobalSection(SolutionConfigurationPlatforms) = preSolution
		Debug|Any CPU = Debug|Any CPU
		Release|Any CPU = Release|Any CPU
	EndGlobalSection
	GlobalSection(ProjectConfigurationPlatforms) = postSolution
		{E0C36A56-0122-4A3B-AFBC-AE6CFB5595BA}.Debug|Any CPU.ActiveCfg = Debug|Any CPU
		{E0C36A56-0122-4A3B-AFBC-AE6CFB5595BA}.Debug|Any CPU.Build.0 = Debug|Any CPU
		{E0C36A56-0122-4A3B-AFBC-AE6CFB5595BA}.Release|Any CPU.ActiveCfg = Release|Any CPU
		{E0C36A56-0122-4A3B-AFBC-AE6CFB5595BA}.Release|Any CPU.Build.0 = Release|Any CPU
	EndGlobalSection
	GlobalSection(SolutionProperties) = preSolution
		HideSolutionNode = FALSE
	EndGlobalSection
	GlobalSection(ExtensibilityGlobals) = postSolution
		SolutionGuid = {4AD63B6F-E2B3-4C5B-A4E4-D9401E8FB9E7}
	EndGlobalSection
EndGlobal
